{
  "requires": true,
  "lockfileVersion": 1,
  "dependencies": {
    "downscale": {
      "version": "1.0.6",
      "resolved": "https://registry.npmjs.org/downscale/-/downscale-1.0.6.tgz",
      "integrity": "sha512-Arh9ftj+wo3CkFoT48SgT/crMyqmgZtNaaV/etjzHaUqNAaS36GS38ECURnfl7X/XvXN5uZNigGF7Vhffrm/pg=="
    }
  }
}
